
Microsoft Visual Studio Solution File, Format Version 12.00
# Visual Studio Version 17
VisualStudioVersion = 17.5.002.0
MinimumVisualStudioVersion = 10.0.40219.1
Project("{9A19103F-16F7-4668-BE54-9A1E7A4F7556}") = "firstProject", "firstProject\firstProject.csproj", "{48E84FE0-EF6E-40A5-BC9F-7A1CD2E35465}"
EndProject
Project("{FAE04EC0-301F-11D3-BF4B-00C04F79EFBC}") = "secondProject", "secondProject\secondProject.csproj", "{1D140FFE-0DEB-4A16-A400-58B68C318EAD}"
EndProject
Project("{2150E333-8FDC-42A3-9474-1A3956D46DE8}") = "Day 1", "Day 1", "{ECA71DC6-172E-45AD-AD83-7743205DA934}"
EndProject
Project("{FAE04EC0-301F-11D3-BF4B-00C04F79EFBC}") = "thirdProject", "thirdProject\thirdProject.csproj", "{A7CE62CB-530A-476E-8638-6AF70AEBD0A8}"
EndProject
Project("{2150E333-8FDC-42A3-9474-1A3956D46DE8}") = "Day 2", "Day 2", "{5D6C034D-4151-4030-8ED8-AAE72E074F27}"
EndProject
Project("{FAE04EC0-301F-11D3-BF4B-00C04F79EFBC}") = "Calculator", "Calculator\Calculator.csproj", "{55D6646E-CF10-4810-B1E8-39C7C5B332D0}"
EndProject
Project("{FAE04EC0-301F-11D3-BF4B-00C04F79EFBC}") = "Constructor", "Constructor\Constructor.csproj", "{5D081C52-D4DC-49CA-ADE8-2FC79EE679CD}"
EndProject
Project("{2150E333-8FDC-42A3-9474-1A3956D46DE8}") = "Day 3", "Day 3", "{226CE074-38E5-4C79-94B3-A17659786D67}"
EndProject
Project("{FAE04EC0-301F-11D3-BF4B-00C04F79EFBC}") = "Composition", "Composition\Composition.csproj", "{CEEFB630-255A-4C52-9681-8C194375764C}"
EndProject
Project("{FAE04EC0-301F-11D3-BF4B-00C04F79EFBC}") = "Inheritance", "Inheritance\Inheritance.csproj", "{15D7D2C9-3956-4ACF-A5BA-C2D2C7CAC710}"
EndProject
Project("{FAE04EC0-301F-11D3-BF4B-00C04F79EFBC}") = "CombineCompositionInheritance", "CombineCompositionInheritance\CombineCompositionInheritance.csproj", "{ED283F87-A18E-4E91-8F15-E9BCF580B530}"
EndProject
Project("{2150E333-8FDC-42A3-9474-1A3956D46DE8}") = "Day 4", "Day 4", "{67DFDAA3-B32B-4A3A-A378-F167D807EC6D}"
EndProject
Project("{FAE04EC0-301F-11D3-BF4B-00C04F79EFBC}") = "Encapsulation", "Encapsulation\Encapsulation.csproj", "{957BF552-554A-4B10-8DA6-C130A2EF9841}"
EndProject
Project("{FAE04EC0-301F-11D3-BF4B-00C04F79EFBC}") = "KuisDadakan", "KuisDadakan\KuisDadakan.csproj", "{DDEB9561-9ACE-4840-9E0D-CBB7B26EF3AD}"
EndProject
Project("{FAE04EC0-301F-11D3-BF4B-00C04F79EFBC}") = "InternalTest", "InternalTest\InternalTest.csproj", "{4B1284BE-536A-4C77-B512-5DC074641BBC}"
EndProject
Project("{FAE04EC0-301F-11D3-BF4B-00C04F79EFBC}") = "EncapsulationProtected", "EncapsulationProtected\EncapsulationProtected.csproj", "{E03A9165-34D7-4E4B-B947-FF3EE6CC38F0}"
EndProject
Project("{FAE04EC0-301F-11D3-BF4B-00C04F79EFBC}") = "Overiding", "Overiding\Overiding.csproj", "{441C899E-3C37-4CCE-8226-E837D12A8343}"
EndProject
Project("{FAE04EC0-301F-11D3-BF4B-00C04F79EFBC}") = "MethodHiding", "MethodHiding\MethodHiding.csproj", "{ADF05E38-343C-4EF5-984A-6C532C937CD7}"
EndProject
Project("{FAE04EC0-301F-11D3-BF4B-00C04F79EFBC}") = "Overloading", "Overloading\Overloading.csproj", "{5E753EC6-9B4B-47D5-9332-A720BCBADC36}"
EndProject
Project("{2150E333-8FDC-42A3-9474-1A3956D46DE8}") = "Day 5", "Day 5", "{505C3FF1-5C16-4D10-A2C6-82C7E5D6A684}"
EndProject
Project("{FAE04EC0-301F-11D3-BF4B-00C04F79EFBC}") = "ReferenceType", "ReferenceType\ReferenceType.csproj", "{8120D526-3479-4A3D-82DF-063D3DA16625}"
EndProject
Project("{FAE04EC0-301F-11D3-BF4B-00C04F79EFBC}") = "Abstraction", "Abstraction\Abstraction.csproj", "{E9B6CDD8-35ED-4203-BDC1-277B4D6F3357}"
EndProject
Project("{FAE04EC0-301F-11D3-BF4B-00C04F79EFBC}") = "Params", "Params\Params.csproj", "{11BDF335-13B1-4A3E-B565-196F4716F230}"
EndProject
Project("{FAE04EC0-301F-11D3-BF4B-00C04F79EFBC}") = "Interface", "Interface\Interface.csproj", "{D6F1B264-D3C4-4C6A-9231-7D48688BFC6F}"
EndProject
Project("{2150E333-8FDC-42A3-9474-1A3956D46DE8}") = "Day 6", "Day 6", "{AC32DB5D-B4E7-4DB4-8E60-33A47A168965}"
EndProject
Project("{FAE04EC0-301F-11D3-BF4B-00C04F79EFBC}") = "Properties", "Properties\Properties.csproj", "{EDD418F6-9EFD-4DCF-B4CF-FB91A6981C7D}"
EndProject
Project("{FAE04EC0-301F-11D3-BF4B-00C04F79EFBC}") = "EncapsulationDefault", "EncapsulationDefault\EncapsulationDefault.csproj", "{BAE599AC-8F56-49E5-AB06-25A0D20A12D6}"
EndProject
Project("{FAE04EC0-301F-11D3-BF4B-00C04F79EFBC}") = "PatternMatching", "PatternMatching\PatternMatching.csproj", "{A794CFEA-CAFD-41D7-9640-391B8D13B906}"
EndProject
Project("{FAE04EC0-301F-11D3-BF4B-00C04F79EFBC}") = "Ref", "Ref\Ref.csproj", "{FED9B58B-30D8-4AE9-8384-FA075E5901A5}"
EndProject
Project("{FAE04EC0-301F-11D3-BF4B-00C04F79EFBC}") = "Generic", "Generic\Generic.csproj", "{17EB9776-A348-4F8E-A221-53F1C50DEA9F}"
EndProject
Project("{2150E333-8FDC-42A3-9474-1A3956D46DE8}") = "Day 7", "Day 7", "{38B58C55-89D9-4C68-84CF-A543D721AF61}"
EndProject
Project("{FAE04EC0-301F-11D3-BF4B-00C04F79EFBC}") = "Kuis", "Kuis\Kuis.csproj", "{F8165E1C-4CE7-4B55-85F5-56B73BB1EF06}"
EndProject
Project("{FAE04EC0-301F-11D3-BF4B-00C04F79EFBC}") = "GenericCalculator", "GenericCalculator\GenericCalculator.csproj", "{165200FD-0E8A-49B6-ACEB-928AAEDD0276}"
EndProject
Project("{FAE04EC0-301F-11D3-BF4B-00C04F79EFBC}") = "GenericConstraint3", "GenericConstraint3\GenericConstraint3.csproj", "{58FE2FCC-8C1D-4B1C-8EE8-F1012E24D955}"
EndProject
Project("{FAE04EC0-301F-11D3-BF4B-00C04F79EFBC}") = "OperatorOverloading", "OperatorOverloading\OperatorOverloading.csproj", "{5F37E754-F109-4541-B52B-02523FFC3DAC}"
EndProject
Project("{FAE04EC0-301F-11D3-BF4B-00C04F79EFBC}") = "OperatorOverloarding2", "OperatorOverloarding2\OperatorOverloarding2.csproj", "{A1635828-68D9-4350-9465-BCB68276B402}"
EndProject
Project("{FAE04EC0-301F-11D3-BF4B-00C04F79EFBC}") = "PublisherSubscriber", "PublisherSubscriber\PublisherSubscriber.csproj", "{B4BC591E-A9C9-4210-9ABD-8EEC6F590BC8}"
EndProject
Project("{FAE04EC0-301F-11D3-BF4B-00C04F79EFBC}") = "DelegateYoutuber", "DelegateYoutuber\DelegateYoutuber.csproj", "{3FE3C2A4-AEC3-462C-9246-7E671E99AE1E}"
EndProject
Project("{FAE04EC0-301F-11D3-BF4B-00C04F79EFBC}") = "TutorialDelegate", "TutorialDelegate\TutorialDelegate.csproj", "{5D716CBF-6566-4F18-99A7-5412C58061E7}"
EndProject
Project("{FAE04EC0-301F-11D3-BF4B-00C04F79EFBC}") = "MulticastDelegate", "MulticastDelegate\MulticastDelegate.csproj", "{7B87D9F2-6168-40EC-A975-4E800B619D66}"
EndProject
Project("{FAE04EC0-301F-11D3-BF4B-00C04F79EFBC}") = "Delegate", "Delegate\Delegate.csproj", "{186FC058-9E69-46E4-A2BD-918E8D088A55}"
EndProject
Project("{FAE04EC0-301F-11D3-BF4B-00C04F79EFBC}") = "DelegateLvl123", "DelegateLvl123\DelegateLvl123.csproj", "{97128D40-0362-47E0-AD14-0056F37D89A3}"
EndProject
Project("{FAE04EC0-301F-11D3-BF4B-00C04F79EFBC}") = "ActionDelegate", "ActionDelegate\ActionDelegate.csproj", "{AB6E1E71-5A31-4B6D-983F-5BEC3D7CFF34}"
EndProject
Project("{FAE04EC0-301F-11D3-BF4B-00C04F79EFBC}") = "FuncDelegate", "FuncDelegate\FuncDelegate.csproj", "{56729446-E997-42EF-9311-00C1A5B76E19}"
EndProject
Project("{2150E333-8FDC-42A3-9474-1A3956D46DE8}") = "Day 8", "Day 8", "{83575A4A-AC45-44B6-B00E-F9FCDD0F706F}"
EndProject
Project("{FAE04EC0-301F-11D3-BF4B-00C04F79EFBC}") = "AnonymousMethodOrLambaExpression", "AnonymousMethodOrLambaExpression\AnonymousMethodOrLambaExpression.csproj", "{DF5591B6-7289-4244-874D-086497891D87}"
EndProject
Project("{FAE04EC0-301F-11D3-BF4B-00C04F79EFBC}") = "Collection", "Collection\Collection.csproj", "{9DC0D52B-B0FD-429C-B15C-9CA651A3EC98}"
EndProject
Project("{FAE04EC0-301F-11D3-BF4B-00C04F79EFBC}") = "Dictionary", "Dictionary\Dictionary.csproj", "{F2A88ECF-B485-4A58-9700-07D2529B3B4C}"
EndProject
Project("{FAE04EC0-301F-11D3-BF4B-00C04F79EFBC}") = "ReadAndWrite", "ReadAndWrite\ReadAndWrite.csproj", "{696D0D26-5967-4A32-8AB5-D48813AE5532}"
EndProject
Project("{FAE04EC0-301F-11D3-BF4B-00C04F79EFBC}") = "Enum", "Enum\Enum.csproj", "{A01A3587-6EBE-402F-A1DD-0BE8478E59CF}"
EndProject
Project("{FAE04EC0-301F-11D3-BF4B-00C04F79EFBC}") = "Enum2", "Enum2\Enum2.csproj", "{E15F9BF7-2CE4-4DC2-B629-829C880BE914}"
EndProject
Project("{FAE04EC0-301F-11D3-BF4B-00C04F79EFBC}") = "Enum3", "Enum3\Enum3.csproj", "{2EAACD6D-E310-4E67-A641-D80858906A9A}"
EndProject
Project("{FAE04EC0-301F-11D3-BF4B-00C04F79EFBC}") = "TryParse", "TryParse\TryParse.csproj", "{5D49B553-E94F-48C0-B8F0-2CF50D40F95A}"
EndProject
Project("{FAE04EC0-301F-11D3-BF4B-00C04F79EFBC}") = "Validation", "Validation\Validation.csproj", "{650B7ED5-4FBD-45F4-9C12-CBC1D71F0636}"
EndProject
Project("{FAE04EC0-301F-11D3-BF4B-00C04F79EFBC}") = "TryCatch", "TryCatch\TryCatch.csproj", "{E0AA23F5-A16E-4FAB-8AF0-D9A4407A838E}"
EndProject
Project("{FAE04EC0-301F-11D3-BF4B-00C04F79EFBC}") = "GC_LOH", "GC_LOH\GC_LOH.csproj", "{6DEDD429-F661-4B15-925C-581A8AF3F76C}"
EndProject
Project("{FAE04EC0-301F-11D3-BF4B-00C04F79EFBC}") = "GC_LOH_String", "GC_LOH_String\GC_LOH_String.csproj", "{CCEA0152-B115-43C7-99B1-8805F6C98A86}"
EndProject
Project("{FAE04EC0-301F-11D3-BF4B-00C04F79EFBC}") = "StringBuilder", "StringBuilder\StringBuilder.csproj", "{C6BA0DC7-1E49-4C52-AA9D-C68307AF4C2E}"
EndProject
Project("{2150E333-8FDC-42A3-9474-1A3956D46DE8}") = "Garbage Collection", "Garbage Collection", "{52C2DBEF-89E4-4F4E-8644-0E3252C37D58}"
EndProject
Project("{FAE04EC0-301F-11D3-BF4B-00C04F79EFBC}") = "FinalizerOrDestructor", "FinalizerOrDestructor\FinalizerOrDestructor.csproj", "{65EBC96C-9B58-4EF2-81C6-5051AC3DADAF}"
EndProject
Project("{FAE04EC0-301F-11D3-BF4B-00C04F79EFBC}") = "AddLohOrGenerationCheck", "AddLohOrGenerationCheck\AddLohOrGenerationCheck.csproj", "{225D55EB-3726-4E6A-A6CD-238D746261AC}"
EndProject
Project("{FAE04EC0-301F-11D3-BF4B-00C04F79EFBC}") = "FinalizersInheritance", "FinalizersInheritance\FinalizersInheritance.csproj", "{7EA487B4-3ACA-4942-B9CD-200A19380281}"
EndProject
Project("{FAE04EC0-301F-11D3-BF4B-00C04F79EFBC}") = "ClassWithFinalizers", "ClassWithFinalizers\ClassWithFinalizers.csproj", "{3946D87D-4C42-4B89-9CB4-B8E8C62A9A76}"
EndProject
Project("{FAE04EC0-301F-11D3-BF4B-00C04F79EFBC}") = "SekaliLagiDispose", "SekaliLagiDispose\SekaliLagiDispose.csproj", "{4AE740C5-9500-40B5-A4F9-7E42EC40E865}"
EndProject
Project("{FAE04EC0-301F-11D3-BF4B-00C04F79EFBC}") = "StackOverflow", "StackOverflow\StackOverflow.csproj", "{939F62AC-994B-488E-89B4-E7D4DF7E8394}"
EndProject
Project("{FAE04EC0-301F-11D3-BF4B-00C04F79EFBC}") = "Using", "Using\Using.csproj", "{93A9F6D5-5640-438E-A3D7-D03AA4EB9396}"
EndProject
Project("{FAE04EC0-301F-11D3-BF4B-00C04F79EFBC}") = "UltimateBaseClass", "UltimateBaseClass\UltimateBaseClass.csproj", "{86D1FC39-AF42-43DC-9AAD-D45528E7D6CC}"
EndProject
Global
	GlobalSection(SolutionConfigurationPlatforms) = preSolution
		Debug|Any CPU = Debug|Any CPU
		Release|Any CPU = Release|Any CPU
	EndGlobalSection
	GlobalSection(ProjectConfigurationPlatforms) = postSolution
		{48E84FE0-EF6E-40A5-BC9F-7A1CD2E35465}.Debug|Any CPU.ActiveCfg = Debug|Any CPU
		{48E84FE0-EF6E-40A5-BC9F-7A1CD2E35465}.Debug|Any CPU.Build.0 = Debug|Any CPU
		{48E84FE0-EF6E-40A5-BC9F-7A1CD2E35465}.Release|Any CPU.ActiveCfg = Release|Any CPU
		{48E84FE0-EF6E-40A5-BC9F-7A1CD2E35465}.Release|Any CPU.Build.0 = Release|Any CPU
		{1D140FFE-0DEB-4A16-A400-58B68C318EAD}.Debug|Any CPU.ActiveCfg = Debug|Any CPU
		{1D140FFE-0DEB-4A16-A400-58B68C318EAD}.Debug|Any CPU.Build.0 = Debug|Any CPU
		{1D140FFE-0DEB-4A16-A400-58B68C318EAD}.Release|Any CPU.ActiveCfg = Release|Any CPU
		{1D140FFE-0DEB-4A16-A400-58B68C318EAD}.Release|Any CPU.Build.0 = Release|Any CPU
		{A7CE62CB-530A-476E-8638-6AF70AEBD0A8}.Debug|Any CPU.ActiveCfg = Debug|Any CPU
		{A7CE62CB-530A-476E-8638-6AF70AEBD0A8}.Debug|Any CPU.Build.0 = Debug|Any CPU
		{A7CE62CB-530A-476E-8638-6AF70AEBD0A8}.Release|Any CPU.ActiveCfg = Release|Any CPU
		{A7CE62CB-530A-476E-8638-6AF70AEBD0A8}.Release|Any CPU.Build.0 = Release|Any CPU
		{55D6646E-CF10-4810-B1E8-39C7C5B332D0}.Debug|Any CPU.ActiveCfg = Debug|Any CPU
		{55D6646E-CF10-4810-B1E8-39C7C5B332D0}.Debug|Any CPU.Build.0 = Debug|Any CPU
		{55D6646E-CF10-4810-B1E8-39C7C5B332D0}.Release|Any CPU.ActiveCfg = Release|Any CPU
		{55D6646E-CF10-4810-B1E8-39C7C5B332D0}.Release|Any CPU.Build.0 = Release|Any CPU
		{5D081C52-D4DC-49CA-ADE8-2FC79EE679CD}.Debug|Any CPU.ActiveCfg = Debug|Any CPU
		{5D081C52-D4DC-49CA-ADE8-2FC79EE679CD}.Debug|Any CPU.Build.0 = Debug|Any CPU
		{5D081C52-D4DC-49CA-ADE8-2FC79EE679CD}.Release|Any CPU.ActiveCfg = Release|Any CPU
		{5D081C52-D4DC-49CA-ADE8-2FC79EE679CD}.Release|Any CPU.Build.0 = Release|Any CPU
		{CEEFB630-255A-4C52-9681-8C194375764C}.Debug|Any CPU.ActiveCfg = Debug|Any CPU
		{CEEFB630-255A-4C52-9681-8C194375764C}.Debug|Any CPU.Build.0 = Debug|Any CPU
		{CEEFB630-255A-4C52-9681-8C194375764C}.Release|Any CPU.ActiveCfg = Release|Any CPU
		{CEEFB630-255A-4C52-9681-8C194375764C}.Release|Any CPU.Build.0 = Release|Any CPU
		{15D7D2C9-3956-4ACF-A5BA-C2D2C7CAC710}.Debug|Any CPU.ActiveCfg = Debug|Any CPU
		{15D7D2C9-3956-4ACF-A5BA-C2D2C7CAC710}.Debug|Any CPU.Build.0 = Debug|Any CPU
		{15D7D2C9-3956-4ACF-A5BA-C2D2C7CAC710}.Release|Any CPU.ActiveCfg = Release|Any CPU
		{15D7D2C9-3956-4ACF-A5BA-C2D2C7CAC710}.Release|Any CPU.Build.0 = Release|Any CPU
		{ED283F87-A18E-4E91-8F15-E9BCF580B530}.Debug|Any CPU.ActiveCfg = Debug|Any CPU
		{ED283F87-A18E-4E91-8F15-E9BCF580B530}.Debug|Any CPU.Build.0 = Debug|Any CPU
		{ED283F87-A18E-4E91-8F15-E9BCF580B530}.Release|Any CPU.ActiveCfg = Release|Any CPU
		{ED283F87-A18E-4E91-8F15-E9BCF580B530}.Release|Any CPU.Build.0 = Release|Any CPU
		{957BF552-554A-4B10-8DA6-C130A2EF9841}.Debug|Any CPU.ActiveCfg = Debug|Any CPU
		{957BF552-554A-4B10-8DA6-C130A2EF9841}.Debug|Any CPU.Build.0 = Debug|Any CPU
		{957BF552-554A-4B10-8DA6-C130A2EF9841}.Release|Any CPU.ActiveCfg = Release|Any CPU
		{957BF552-554A-4B10-8DA6-C130A2EF9841}.Release|Any CPU.Build.0 = Release|Any CPU
		{DDEB9561-9ACE-4840-9E0D-CBB7B26EF3AD}.Debug|Any CPU.ActiveCfg = Debug|Any CPU
		{DDEB9561-9ACE-4840-9E0D-CBB7B26EF3AD}.Debug|Any CPU.Build.0 = Debug|Any CPU
		{DDEB9561-9ACE-4840-9E0D-CBB7B26EF3AD}.Release|Any CPU.ActiveCfg = Release|Any CPU
		{DDEB9561-9ACE-4840-9E0D-CBB7B26EF3AD}.Release|Any CPU.Build.0 = Release|Any CPU
		{4B1284BE-536A-4C77-B512-5DC074641BBC}.Debug|Any CPU.ActiveCfg = Debug|Any CPU
		{4B1284BE-536A-4C77-B512-5DC074641BBC}.Debug|Any CPU.Build.0 = Debug|Any CPU
		{4B1284BE-536A-4C77-B512-5DC074641BBC}.Release|Any CPU.ActiveCfg = Release|Any CPU
		{4B1284BE-536A-4C77-B512-5DC074641BBC}.Release|Any CPU.Build.0 = Release|Any CPU
		{E03A9165-34D7-4E4B-B947-FF3EE6CC38F0}.Debug|Any CPU.ActiveCfg = Debug|Any CPU
		{E03A9165-34D7-4E4B-B947-FF3EE6CC38F0}.Debug|Any CPU.Build.0 = Debug|Any CPU
		{E03A9165-34D7-4E4B-B947-FF3EE6CC38F0}.Release|Any CPU.ActiveCfg = Release|Any CPU
		{E03A9165-34D7-4E4B-B947-FF3EE6CC38F0}.Release|Any CPU.Build.0 = Release|Any CPU
		{441C899E-3C37-4CCE-8226-E837D12A8343}.Debug|Any CPU.ActiveCfg = Debug|Any CPU
		{441C899E-3C37-4CCE-8226-E837D12A8343}.Debug|Any CPU.Build.0 = Debug|Any CPU
		{441C899E-3C37-4CCE-8226-E837D12A8343}.Release|Any CPU.ActiveCfg = Release|Any CPU
		{441C899E-3C37-4CCE-8226-E837D12A8343}.Release|Any CPU.Build.0 = Release|Any CPU
		{ADF05E38-343C-4EF5-984A-6C532C937CD7}.Debug|Any CPU.ActiveCfg = Debug|Any CPU
		{ADF05E38-343C-4EF5-984A-6C532C937CD7}.Debug|Any CPU.Build.0 = Debug|Any CPU
		{ADF05E38-343C-4EF5-984A-6C532C937CD7}.Release|Any CPU.ActiveCfg = Release|Any CPU
		{ADF05E38-343C-4EF5-984A-6C532C937CD7}.Release|Any CPU.Build.0 = Release|Any CPU
		{5E753EC6-9B4B-47D5-9332-A720BCBADC36}.Debug|Any CPU.ActiveCfg = Debug|Any CPU
		{5E753EC6-9B4B-47D5-9332-A720BCBADC36}.Debug|Any CPU.Build.0 = Debug|Any CPU
		{5E753EC6-9B4B-47D5-9332-A720BCBADC36}.Release|Any CPU.ActiveCfg = Release|Any CPU
		{5E753EC6-9B4B-47D5-9332-A720BCBADC36}.Release|Any CPU.Build.0 = Release|Any CPU
		{8120D526-3479-4A3D-82DF-063D3DA16625}.Debug|Any CPU.ActiveCfg = Debug|Any CPU
		{8120D526-3479-4A3D-82DF-063D3DA16625}.Debug|Any CPU.Build.0 = Debug|Any CPU
		{8120D526-3479-4A3D-82DF-063D3DA16625}.Release|Any CPU.ActiveCfg = Release|Any CPU
		{8120D526-3479-4A3D-82DF-063D3DA16625}.Release|Any CPU.Build.0 = Release|Any CPU
		{E9B6CDD8-35ED-4203-BDC1-277B4D6F3357}.Debug|Any CPU.ActiveCfg = Debug|Any CPU
		{E9B6CDD8-35ED-4203-BDC1-277B4D6F3357}.Debug|Any CPU.Build.0 = Debug|Any CPU
		{E9B6CDD8-35ED-4203-BDC1-277B4D6F3357}.Release|Any CPU.ActiveCfg = Release|Any CPU
		{E9B6CDD8-35ED-4203-BDC1-277B4D6F3357}.Release|Any CPU.Build.0 = Release|Any CPU
		{11BDF335-13B1-4A3E-B565-196F4716F230}.Debug|Any CPU.ActiveCfg = Debug|Any CPU
		{11BDF335-13B1-4A3E-B565-196F4716F230}.Debug|Any CPU.Build.0 = Debug|Any CPU
		{11BDF335-13B1-4A3E-B565-196F4716F230}.Release|Any CPU.ActiveCfg = Release|Any CPU
		{11BDF335-13B1-4A3E-B565-196F4716F230}.Release|Any CPU.Build.0 = Release|Any CPU
		{D6F1B264-D3C4-4C6A-9231-7D48688BFC6F}.Debug|Any CPU.ActiveCfg = Debug|Any CPU
		{D6F1B264-D3C4-4C6A-9231-7D48688BFC6F}.Debug|Any CPU.Build.0 = Debug|Any CPU
		{D6F1B264-D3C4-4C6A-9231-7D48688BFC6F}.Release|Any CPU.ActiveCfg = Release|Any CPU
		{D6F1B264-D3C4-4C6A-9231-7D48688BFC6F}.Release|Any CPU.Build.0 = Release|Any CPU
		{EDD418F6-9EFD-4DCF-B4CF-FB91A6981C7D}.Debug|Any CPU.ActiveCfg = Debug|Any CPU
		{EDD418F6-9EFD-4DCF-B4CF-FB91A6981C7D}.Debug|Any CPU.Build.0 = Debug|Any CPU
		{EDD418F6-9EFD-4DCF-B4CF-FB91A6981C7D}.Release|Any CPU.ActiveCfg = Release|Any CPU
		{EDD418F6-9EFD-4DCF-B4CF-FB91A6981C7D}.Release|Any CPU.Build.0 = Release|Any CPU
		{BAE599AC-8F56-49E5-AB06-25A0D20A12D6}.Debug|Any CPU.ActiveCfg = Debug|Any CPU
		{BAE599AC-8F56-49E5-AB06-25A0D20A12D6}.Debug|Any CPU.Build.0 = Debug|Any CPU
		{BAE599AC-8F56-49E5-AB06-25A0D20A12D6}.Release|Any CPU.ActiveCfg = Release|Any CPU
		{BAE599AC-8F56-49E5-AB06-25A0D20A12D6}.Release|Any CPU.Build.0 = Release|Any CPU
		{A794CFEA-CAFD-41D7-9640-391B8D13B906}.Debug|Any CPU.ActiveCfg = Debug|Any CPU
		{A794CFEA-CAFD-41D7-9640-391B8D13B906}.Debug|Any CPU.Build.0 = Debug|Any CPU
		{A794CFEA-CAFD-41D7-9640-391B8D13B906}.Release|Any CPU.ActiveCfg = Release|Any CPU
		{A794CFEA-CAFD-41D7-9640-391B8D13B906}.Release|Any CPU.Build.0 = Release|Any CPU
		{FED9B58B-30D8-4AE9-8384-FA075E5901A5}.Debug|Any CPU.ActiveCfg = Debug|Any CPU
		{FED9B58B-30D8-4AE9-8384-FA075E5901A5}.Debug|Any CPU.Build.0 = Debug|Any CPU
		{FED9B58B-30D8-4AE9-8384-FA075E5901A5}.Release|Any CPU.ActiveCfg = Release|Any CPU
		{FED9B58B-30D8-4AE9-8384-FA075E5901A5}.Release|Any CPU.Build.0 = Release|Any CPU
		{17EB9776-A348-4F8E-A221-53F1C50DEA9F}.Debug|Any CPU.ActiveCfg = Debug|Any CPU
		{17EB9776-A348-4F8E-A221-53F1C50DEA9F}.Debug|Any CPU.Build.0 = Debug|Any CPU
		{17EB9776-A348-4F8E-A221-53F1C50DEA9F}.Release|Any CPU.ActiveCfg = Release|Any CPU
		{17EB9776-A348-4F8E-A221-53F1C50DEA9F}.Release|Any CPU.Build.0 = Release|Any CPU
		{F8165E1C-4CE7-4B55-85F5-56B73BB1EF06}.Debug|Any CPU.ActiveCfg = Debug|Any CPU
		{F8165E1C-4CE7-4B55-85F5-56B73BB1EF06}.Debug|Any CPU.Build.0 = Debug|Any CPU
		{F8165E1C-4CE7-4B55-85F5-56B73BB1EF06}.Release|Any CPU.ActiveCfg = Release|Any CPU
		{F8165E1C-4CE7-4B55-85F5-56B73BB1EF06}.Release|Any CPU.Build.0 = Release|Any CPU
		{165200FD-0E8A-49B6-ACEB-928AAEDD0276}.Debug|Any CPU.ActiveCfg = Debug|Any CPU
		{165200FD-0E8A-49B6-ACEB-928AAEDD0276}.Debug|Any CPU.Build.0 = Debug|Any CPU
		{165200FD-0E8A-49B6-ACEB-928AAEDD0276}.Release|Any CPU.ActiveCfg = Release|Any CPU
		{165200FD-0E8A-49B6-ACEB-928AAEDD0276}.Release|Any CPU.Build.0 = Release|Any CPU
		{58FE2FCC-8C1D-4B1C-8EE8-F1012E24D955}.Debug|Any CPU.ActiveCfg = Debug|Any CPU
		{58FE2FCC-8C1D-4B1C-8EE8-F1012E24D955}.Debug|Any CPU.Build.0 = Debug|Any CPU
		{58FE2FCC-8C1D-4B1C-8EE8-F1012E24D955}.Release|Any CPU.ActiveCfg = Release|Any CPU
		{58FE2FCC-8C1D-4B1C-8EE8-F1012E24D955}.Release|Any CPU.Build.0 = Release|Any CPU
		{5F37E754-F109-4541-B52B-02523FFC3DAC}.Debug|Any CPU.ActiveCfg = Debug|Any CPU
		{5F37E754-F109-4541-B52B-02523FFC3DAC}.Debug|Any CPU.Build.0 = Debug|Any CPU
		{5F37E754-F109-4541-B52B-02523FFC3DAC}.Release|Any CPU.ActiveCfg = Release|Any CPU
		{5F37E754-F109-4541-B52B-02523FFC3DAC}.Release|Any CPU.Build.0 = Release|Any CPU
		{A1635828-68D9-4350-9465-BCB68276B402}.Debug|Any CPU.ActiveCfg = Debug|Any CPU
		{A1635828-68D9-4350-9465-BCB68276B402}.Debug|Any CPU.Build.0 = Debug|Any CPU
		{A1635828-68D9-4350-9465-BCB68276B402}.Release|Any CPU.ActiveCfg = Release|Any CPU
		{A1635828-68D9-4350-9465-BCB68276B402}.Release|Any CPU.Build.0 = Release|Any CPU
		{B4BC591E-A9C9-4210-9ABD-8EEC6F590BC8}.Debug|Any CPU.ActiveCfg = Debug|Any CPU
		{B4BC591E-A9C9-4210-9ABD-8EEC6F590BC8}.Debug|Any CPU.Build.0 = Debug|Any CPU
		{B4BC591E-A9C9-4210-9ABD-8EEC6F590BC8}.Release|Any CPU.ActiveCfg = Release|Any CPU
		{B4BC591E-A9C9-4210-9ABD-8EEC6F590BC8}.Release|Any CPU.Build.0 = Release|Any CPU
		{3FE3C2A4-AEC3-462C-9246-7E671E99AE1E}.Debug|Any CPU.ActiveCfg = Debug|Any CPU
		{3FE3C2A4-AEC3-462C-9246-7E671E99AE1E}.Debug|Any CPU.Build.0 = Debug|Any CPU
		{3FE3C2A4-AEC3-462C-9246-7E671E99AE1E}.Release|Any CPU.ActiveCfg = Release|Any CPU
		{3FE3C2A4-AEC3-462C-9246-7E671E99AE1E}.Release|Any CPU.Build.0 = Release|Any CPU
		{5D716CBF-6566-4F18-99A7-5412C58061E7}.Debug|Any CPU.ActiveCfg = Debug|Any CPU
		{5D716CBF-6566-4F18-99A7-5412C58061E7}.Debug|Any CPU.Build.0 = Debug|Any CPU
		{5D716CBF-6566-4F18-99A7-5412C58061E7}.Release|Any CPU.ActiveCfg = Release|Any CPU
		{5D716CBF-6566-4F18-99A7-5412C58061E7}.Release|Any CPU.Build.0 = Release|Any CPU
		{7B87D9F2-6168-40EC-A975-4E800B619D66}.Debug|Any CPU.ActiveCfg = Debug|Any CPU
		{7B87D9F2-6168-40EC-A975-4E800B619D66}.Debug|Any CPU.Build.0 = Debug|Any CPU
		{7B87D9F2-6168-40EC-A975-4E800B619D66}.Release|Any CPU.ActiveCfg = Release|Any CPU
		{7B87D9F2-6168-40EC-A975-4E800B619D66}.Release|Any CPU.Build.0 = Release|Any CPU
		{186FC058-9E69-46E4-A2BD-918E8D088A55}.Debug|Any CPU.ActiveCfg = Debug|Any CPU
		{186FC058-9E69-46E4-A2BD-918E8D088A55}.Debug|Any CPU.Build.0 = Debug|Any CPU
		{186FC058-9E69-46E4-A2BD-918E8D088A55}.Release|Any CPU.ActiveCfg = Release|Any CPU
		{186FC058-9E69-46E4-A2BD-918E8D088A55}.Release|Any CPU.Build.0 = Release|Any CPU
		{97128D40-0362-47E0-AD14-0056F37D89A3}.Debug|Any CPU.ActiveCfg = Debug|Any CPU
		{97128D40-0362-47E0-AD14-0056F37D89A3}.Debug|Any CPU.Build.0 = Debug|Any CPU
		{97128D40-0362-47E0-AD14-0056F37D89A3}.Release|Any CPU.ActiveCfg = Release|Any CPU
		{97128D40-0362-47E0-AD14-0056F37D89A3}.Release|Any CPU.Build.0 = Release|Any CPU
		{AB6E1E71-5A31-4B6D-983F-5BEC3D7CFF34}.Debug|Any CPU.ActiveCfg = Debug|Any CPU
		{AB6E1E71-5A31-4B6D-983F-5BEC3D7CFF34}.Debug|Any CPU.Build.0 = Debug|Any CPU
		{AB6E1E71-5A31-4B6D-983F-5BEC3D7CFF34}.Release|Any CPU.ActiveCfg = Release|Any CPU
		{AB6E1E71-5A31-4B6D-983F-5BEC3D7CFF34}.Release|Any CPU.Build.0 = Release|Any CPU
		{56729446-E997-42EF-9311-00C1A5B76E19}.Debug|Any CPU.ActiveCfg = Debug|Any CPU
		{56729446-E997-42EF-9311-00C1A5B76E19}.Debug|Any CPU.Build.0 = Debug|Any CPU
		{56729446-E997-42EF-9311-00C1A5B76E19}.Release|Any CPU.ActiveCfg = Release|Any CPU
		{56729446-E997-42EF-9311-00C1A5B76E19}.Release|Any CPU.Build.0 = Release|Any CPU
		{DF5591B6-7289-4244-874D-086497891D87}.Debug|Any CPU.ActiveCfg = Debug|Any CPU
		{DF5591B6-7289-4244-874D-086497891D87}.Debug|Any CPU.Build.0 = Debug|Any CPU
		{DF5591B6-7289-4244-874D-086497891D87}.Release|Any CPU.ActiveCfg = Release|Any CPU
		{DF5591B6-7289-4244-874D-086497891D87}.Release|Any CPU.Build.0 = Release|Any CPU
		{9DC0D52B-B0FD-429C-B15C-9CA651A3EC98}.Debug|Any CPU.ActiveCfg = Debug|Any CPU
		{9DC0D52B-B0FD-429C-B15C-9CA651A3EC98}.Debug|Any CPU.Build.0 = Debug|Any CPU
		{9DC0D52B-B0FD-429C-B15C-9CA651A3EC98}.Release|Any CPU.ActiveCfg = Release|Any CPU
		{9DC0D52B-B0FD-429C-B15C-9CA651A3EC98}.Release|Any CPU.Build.0 = Release|Any CPU
		{F2A88ECF-B485-4A58-9700-07D2529B3B4C}.Debug|Any CPU.ActiveCfg = Debug|Any CPU
		{F2A88ECF-B485-4A58-9700-07D2529B3B4C}.Debug|Any CPU.Build.0 = Debug|Any CPU
		{F2A88ECF-B485-4A58-9700-07D2529B3B4C}.Release|Any CPU.ActiveCfg = Release|Any CPU
		{F2A88ECF-B485-4A58-9700-07D2529B3B4C}.Release|Any CPU.Build.0 = Release|Any CPU
		{696D0D26-5967-4A32-8AB5-D48813AE5532}.Debug|Any CPU.ActiveCfg = Debug|Any CPU
		{696D0D26-5967-4A32-8AB5-D48813AE5532}.Debug|Any CPU.Build.0 = Debug|Any CPU
		{696D0D26-5967-4A32-8AB5-D48813AE5532}.Release|Any CPU.ActiveCfg = Release|Any CPU
		{696D0D26-5967-4A32-8AB5-D48813AE5532}.Release|Any CPU.Build.0 = Release|Any CPU
		{A01A3587-6EBE-402F-A1DD-0BE8478E59CF}.Debug|Any CPU.ActiveCfg = Debug|Any CPU
		{A01A3587-6EBE-402F-A1DD-0BE8478E59CF}.Debug|Any CPU.Build.0 = Debug|Any CPU
		{A01A3587-6EBE-402F-A1DD-0BE8478E59CF}.Release|Any CPU.ActiveCfg = Release|Any CPU
		{A01A3587-6EBE-402F-A1DD-0BE8478E59CF}.Release|Any CPU.Build.0 = Release|Any CPU
		{E15F9BF7-2CE4-4DC2-B629-829C880BE914}.Debug|Any CPU.ActiveCfg = Debug|Any CPU
		{E15F9BF7-2CE4-4DC2-B629-829C880BE914}.Debug|Any CPU.Build.0 = Debug|Any CPU
		{E15F9BF7-2CE4-4DC2-B629-829C880BE914}.Release|Any CPU.ActiveCfg = Release|Any CPU
		{E15F9BF7-2CE4-4DC2-B629-829C880BE914}.Release|Any CPU.Build.0 = Release|Any CPU
		{2EAACD6D-E310-4E67-A641-D80858906A9A}.Debug|Any CPU.ActiveCfg = Debug|Any CPU
		{2EAACD6D-E310-4E67-A641-D80858906A9A}.Debug|Any CPU.Build.0 = Debug|Any CPU
		{2EAACD6D-E310-4E67-A641-D80858906A9A}.Release|Any CPU.ActiveCfg = Release|Any CPU
		{2EAACD6D-E310-4E67-A641-D80858906A9A}.Release|Any CPU.Build.0 = Release|Any CPU
		{5D49B553-E94F-48C0-B8F0-2CF50D40F95A}.Debug|Any CPU.ActiveCfg = Debug|Any CPU
		{5D49B553-E94F-48C0-B8F0-2CF50D40F95A}.Debug|Any CPU.Build.0 = Debug|Any CPU
		{5D49B553-E94F-48C0-B8F0-2CF50D40F95A}.Release|Any CPU.ActiveCfg = Release|Any CPU
		{5D49B553-E94F-48C0-B8F0-2CF50D40F95A}.Release|Any CPU.Build.0 = Release|Any CPU
		{650B7ED5-4FBD-45F4-9C12-CBC1D71F0636}.Debug|Any CPU.ActiveCfg = Debug|Any CPU
		{650B7ED5-4FBD-45F4-9C12-CBC1D71F0636}.Debug|Any CPU.Build.0 = Debug|Any CPU
		{650B7ED5-4FBD-45F4-9C12-CBC1D71F0636}.Release|Any CPU.ActiveCfg = Release|Any CPU
		{650B7ED5-4FBD-45F4-9C12-CBC1D71F0636}.Release|Any CPU.Build.0 = Release|Any CPU
		{E0AA23F5-A16E-4FAB-8AF0-D9A4407A838E}.Debug|Any CPU.ActiveCfg = Debug|Any CPU
		{E0AA23F5-A16E-4FAB-8AF0-D9A4407A838E}.Debug|Any CPU.Build.0 = Debug|Any CPU
		{E0AA23F5-A16E-4FAB-8AF0-D9A4407A838E}.Release|Any CPU.ActiveCfg = Release|Any CPU
		{E0AA23F5-A16E-4FAB-8AF0-D9A4407A838E}.Release|Any CPU.Build.0 = Release|Any CPU
		{6DEDD429-F661-4B15-925C-581A8AF3F76C}.Debug|Any CPU.ActiveCfg = Debug|Any CPU
		{6DEDD429-F661-4B15-925C-581A8AF3F76C}.Debug|Any CPU.Build.0 = Debug|Any CPU
		{6DEDD429-F661-4B15-925C-581A8AF3F76C}.Release|Any CPU.ActiveCfg = Release|Any CPU
		{6DEDD429-F661-4B15-925C-581A8AF3F76C}.Release|Any CPU.Build.0 = Release|Any CPU
		{CCEA0152-B115-43C7-99B1-8805F6C98A86}.Debug|Any CPU.ActiveCfg = Debug|Any CPU
		{CCEA0152-B115-43C7-99B1-8805F6C98A86}.Debug|Any CPU.Build.0 = Debug|Any CPU
		{CCEA0152-B115-43C7-99B1-8805F6C98A86}.Release|Any CPU.ActiveCfg = Release|Any CPU
		{CCEA0152-B115-43C7-99B1-8805F6C98A86}.Release|Any CPU.Build.0 = Release|Any CPU
		{C6BA0DC7-1E49-4C52-AA9D-C68307AF4C2E}.Debug|Any CPU.ActiveCfg = Debug|Any CPU
		{C6BA0DC7-1E49-4C52-AA9D-C68307AF4C2E}.Debug|Any CPU.Build.0 = Debug|Any CPU
		{C6BA0DC7-1E49-4C52-AA9D-C68307AF4C2E}.Release|Any CPU.ActiveCfg = Release|Any CPU
		{C6BA0DC7-1E49-4C52-AA9D-C68307AF4C2E}.Release|Any CPU.Build.0 = Release|Any CPU
		{65EBC96C-9B58-4EF2-81C6-5051AC3DADAF}.Debug|Any CPU.ActiveCfg = Debug|Any CPU
		{65EBC96C-9B58-4EF2-81C6-5051AC3DADAF}.Debug|Any CPU.Build.0 = Debug|Any CPU
		{65EBC96C-9B58-4EF2-81C6-5051AC3DADAF}.Release|Any CPU.ActiveCfg = Release|Any CPU
		{65EBC96C-9B58-4EF2-81C6-5051AC3DADAF}.Release|Any CPU.Build.0 = Release|Any CPU
		{225D55EB-3726-4E6A-A6CD-238D746261AC}.Debug|Any CPU.ActiveCfg = Debug|Any CPU
		{225D55EB-3726-4E6A-A6CD-238D746261AC}.Debug|Any CPU.Build.0 = Debug|Any CPU
		{225D55EB-3726-4E6A-A6CD-238D746261AC}.Release|Any CPU.ActiveCfg = Release|Any CPU
		{225D55EB-3726-4E6A-A6CD-238D746261AC}.Release|Any CPU.Build.0 = Release|Any CPU
		{7EA487B4-3ACA-4942-B9CD-200A19380281}.Debug|Any CPU.ActiveCfg = Debug|Any CPU
		{7EA487B4-3ACA-4942-B9CD-200A19380281}.Debug|Any CPU.Build.0 = Debug|Any CPU
		{7EA487B4-3ACA-4942-B9CD-200A19380281}.Release|Any CPU.ActiveCfg = Release|Any CPU
		{7EA487B4-3ACA-4942-B9CD-200A19380281}.Release|Any CPU.Build.0 = Release|Any CPU
		{3946D87D-4C42-4B89-9CB4-B8E8C62A9A76}.Debug|Any CPU.ActiveCfg = Debug|Any CPU
		{3946D87D-4C42-4B89-9CB4-B8E8C62A9A76}.Debug|Any CPU.Build.0 = Debug|Any CPU
		{3946D87D-4C42-4B89-9CB4-B8E8C62A9A76}.Release|Any CPU.ActiveCfg = Release|Any CPU
		{3946D87D-4C42-4B89-9CB4-B8E8C62A9A76}.Release|Any CPU.Build.0 = Release|Any CPU
		{4AE740C5-9500-40B5-A4F9-7E42EC40E865}.Debug|Any CPU.ActiveCfg = Debug|Any CPU
		{4AE740C5-9500-40B5-A4F9-7E42EC40E865}.Debug|Any CPU.Build.0 = Debug|Any CPU
		{4AE740C5-9500-40B5-A4F9-7E42EC40E865}.Release|Any CPU.ActiveCfg = Release|Any CPU
		{4AE740C5-9500-40B5-A4F9-7E42EC40E865}.Release|Any CPU.Build.0 = Release|Any CPU
		{939F62AC-994B-488E-89B4-E7D4DF7E8394}.Debug|Any CPU.ActiveCfg = Debug|Any CPU
		{939F62AC-994B-488E-89B4-E7D4DF7E8394}.Debug|Any CPU.Build.0 = Debug|Any CPU
		{939F62AC-994B-488E-89B4-E7D4DF7E8394}.Release|Any CPU.ActiveCfg = Release|Any CPU
		{939F62AC-994B-488E-89B4-E7D4DF7E8394}.Release|Any CPU.Build.0 = Release|Any CPU
		{93A9F6D5-5640-438E-A3D7-D03AA4EB9396}.Debug|Any CPU.ActiveCfg = Debug|Any CPU
		{93A9F6D5-5640-438E-A3D7-D03AA4EB9396}.Debug|Any CPU.Build.0 = Debug|Any CPU
		{93A9F6D5-5640-438E-A3D7-D03AA4EB9396}.Release|Any CPU.ActiveCfg = Release|Any CPU
		{93A9F6D5-5640-438E-A3D7-D03AA4EB9396}.Release|Any CPU.Build.0 = Release|Any CPU
		{86D1FC39-AF42-43DC-9AAD-D45528E7D6CC}.Debug|Any CPU.ActiveCfg = Debug|Any CPU
		{86D1FC39-AF42-43DC-9AAD-D45528E7D6CC}.Debug|Any CPU.Build.0 = Debug|Any CPU
		{86D1FC39-AF42-43DC-9AAD-D45528E7D6CC}.Release|Any CPU.ActiveCfg = Release|Any CPU
		{86D1FC39-AF42-43DC-9AAD-D45528E7D6CC}.Release|Any CPU.Build.0 = Release|Any CPU
	EndGlobalSection
	GlobalSection(SolutionProperties) = preSolution
		HideSolutionNode = FALSE
	EndGlobalSection
	GlobalSection(ExtensibilityGlobals) = postSolution
		SolutionGuid = {FD7E404F-88DE-4983-8EAF-177A4FA590B9}
	EndGlobalSection
	GlobalSection(NestedProjects) = preSolution
		{650B7ED5-4FBD-45F4-9C12-CBC1D71F0636} = {52C2DBEF-89E4-4F4E-8644-0E3252C37D58}
		{5D49B553-E94F-48C0-B8F0-2CF50D40F95A} = {52C2DBEF-89E4-4F4E-8644-0E3252C37D58}
		{E0AA23F5-A16E-4FAB-8AF0-D9A4407A838E} = {52C2DBEF-89E4-4F4E-8644-0E3252C37D58}
		{CCEA0152-B115-43C7-99B1-8805F6C98A86} = {52C2DBEF-89E4-4F4E-8644-0E3252C37D58}
		{6DEDD429-F661-4B15-925C-581A8AF3F76C} = {52C2DBEF-89E4-4F4E-8644-0E3252C37D58}
		{C6BA0DC7-1E49-4C52-AA9D-C68307AF4C2E} = {AC32DB5D-B4E7-4DB4-8E60-33A47A168965}
		{696D0D26-5967-4A32-8AB5-D48813AE5532} = {83575A4A-AC45-44B6-B00E-F9FCDD0F706F}
		{2EAACD6D-E310-4E67-A641-D80858906A9A} = {83575A4A-AC45-44B6-B00E-F9FCDD0F706F}
		{E15F9BF7-2CE4-4DC2-B629-829C880BE914} = {83575A4A-AC45-44B6-B00E-F9FCDD0F706F}
		{A01A3587-6EBE-402F-A1DD-0BE8478E59CF} = {83575A4A-AC45-44B6-B00E-F9FCDD0F706F}
		{F2A88ECF-B485-4A58-9700-07D2529B3B4C} = {83575A4A-AC45-44B6-B00E-F9FCDD0F706F}
		{9DC0D52B-B0FD-429C-B15C-9CA651A3EC98} = {83575A4A-AC45-44B6-B00E-F9FCDD0F706F}
		{DF5591B6-7289-4244-874D-086497891D87} = {83575A4A-AC45-44B6-B00E-F9FCDD0F706F}
		{97128D40-0362-47E0-AD14-0056F37D89A3} = {83575A4A-AC45-44B6-B00E-F9FCDD0F706F}
		{186FC058-9E69-46E4-A2BD-918E8D088A55} = {83575A4A-AC45-44B6-B00E-F9FCDD0F706F}
		{56729446-E997-42EF-9311-00C1A5B76E19} = {83575A4A-AC45-44B6-B00E-F9FCDD0F706F}
		{AB6E1E71-5A31-4B6D-983F-5BEC3D7CFF34} = {83575A4A-AC45-44B6-B00E-F9FCDD0F706F}
		{5D716CBF-6566-4F18-99A7-5412C58061E7} = {38B58C55-89D9-4C68-84CF-A543D721AF61}
		{B4BC591E-A9C9-4210-9ABD-8EEC6F590BC8} = {38B58C55-89D9-4C68-84CF-A543D721AF61}
		{7B87D9F2-6168-40EC-A975-4E800B619D66} = {38B58C55-89D9-4C68-84CF-A543D721AF61}
		{3FE3C2A4-AEC3-462C-9246-7E671E99AE1E} = {38B58C55-89D9-4C68-84CF-A543D721AF61}
		{A1635828-68D9-4350-9465-BCB68276B402} = {38B58C55-89D9-4C68-84CF-A543D721AF61}
		{5F37E754-F109-4541-B52B-02523FFC3DAC} = {38B58C55-89D9-4C68-84CF-A543D721AF61}
		{165200FD-0E8A-49B6-ACEB-928AAEDD0276} = {38B58C55-89D9-4C68-84CF-A543D721AF61}
		{58FE2FCC-8C1D-4B1C-8EE8-F1012E24D955} = {38B58C55-89D9-4C68-84CF-A543D721AF61}
		{F8165E1C-4CE7-4B55-85F5-56B73BB1EF06} = {AC32DB5D-B4E7-4DB4-8E60-33A47A168965}
		{17EB9776-A348-4F8E-A221-53F1C50DEA9F} = {38B58C55-89D9-4C68-84CF-A543D721AF61}
		{FED9B58B-30D8-4AE9-8384-FA075E5901A5} = {AC32DB5D-B4E7-4DB4-8E60-33A47A168965}
		{A794CFEA-CAFD-41D7-9640-391B8D13B906} = {AC32DB5D-B4E7-4DB4-8E60-33A47A168965}
		{EDD418F6-9EFD-4DCF-B4CF-FB91A6981C7D} = {AC32DB5D-B4E7-4DB4-8E60-33A47A168965}
		{BAE599AC-8F56-49E5-AB06-25A0D20A12D6} = {67DFDAA3-B32B-4A3A-A378-F167D807EC6D}
		{D6F1B264-D3C4-4C6A-9231-7D48688BFC6F} = {505C3FF1-5C16-4D10-A2C6-82C7E5D6A684}
		{11BDF335-13B1-4A3E-B565-196F4716F230} = {67DFDAA3-B32B-4A3A-A378-F167D807EC6D}
		{8120D526-3479-4A3D-82DF-063D3DA16625} = {505C3FF1-5C16-4D10-A2C6-82C7E5D6A684}
		{E9B6CDD8-35ED-4203-BDC1-277B4D6F3357} = {505C3FF1-5C16-4D10-A2C6-82C7E5D6A684}
		{5E753EC6-9B4B-47D5-9332-A720BCBADC36} = {67DFDAA3-B32B-4A3A-A378-F167D807EC6D}
		{ADF05E38-343C-4EF5-984A-6C532C937CD7} = {67DFDAA3-B32B-4A3A-A378-F167D807EC6D}
		{441C899E-3C37-4CCE-8226-E837D12A8343} = {67DFDAA3-B32B-4A3A-A378-F167D807EC6D}
		{4B1284BE-536A-4C77-B512-5DC074641BBC} = {67DFDAA3-B32B-4A3A-A378-F167D807EC6D}
		{E03A9165-34D7-4E4B-B947-FF3EE6CC38F0} = {67DFDAA3-B32B-4A3A-A378-F167D807EC6D}
		{DDEB9561-9ACE-4840-9E0D-CBB7B26EF3AD} = {67DFDAA3-B32B-4A3A-A378-F167D807EC6D}
		{957BF552-554A-4B10-8DA6-C130A2EF9841} = {67DFDAA3-B32B-4A3A-A378-F167D807EC6D}
		{15D7D2C9-3956-4ACF-A5BA-C2D2C7CAC710} = {226CE074-38E5-4C79-94B3-A17659786D67}
		{ED283F87-A18E-4E91-8F15-E9BCF580B530} = {226CE074-38E5-4C79-94B3-A17659786D67}
		{CEEFB630-255A-4C52-9681-8C194375764C} = {226CE074-38E5-4C79-94B3-A17659786D67}
		{5D081C52-D4DC-49CA-ADE8-2FC79EE679CD} = {5D6C034D-4151-4030-8ED8-AAE72E074F27}
		{55D6646E-CF10-4810-B1E8-39C7C5B332D0} = {5D6C034D-4151-4030-8ED8-AAE72E074F27}
		{A7CE62CB-530A-476E-8638-6AF70AEBD0A8} = {ECA71DC6-172E-45AD-AD83-7743205DA934}
		{1D140FFE-0DEB-4A16-A400-58B68C318EAD} = {ECA71DC6-172E-45AD-AD83-7743205DA934}
		{48E84FE0-EF6E-40A5-BC9F-7A1CD2E35465} = {ECA71DC6-172E-45AD-AD83-7743205DA934}
	EndGlobalSection
EndGlobal
